
Microsoft Visual Studio Solution File, Format Version 12.00
# Visual Studio Version 17
VisualStudioVersion = 17.4.33205.214
MinimumVisualStudioVersion = 10.0.40219.1
Project("{FAE04EC0-301F-11D3-BF4B-00C04F79EFBC}") = "Proxfield.GoogleDdns.Updater", "src\Proxfield.Google.Ddns.Updater\Proxfield.GoogleDdns.Updater.csproj", "{7449966E-061E-43D3-93AE-5A67CDA88A6C}"
EndProject
Project("{FAE04EC0-301F-11D3-BF4B-00C04F79EFBC}") = "Proxfield.GoogleDdns.Updater.Service", "src\Proxfield.Google.Ddns.Updater.Service\Proxfield.GoogleDdns.Updater.Service.csproj", "{6A99AE69-DE07-4624-9341-A12E7141A74E}"
EndProject
Project("{FAE04EC0-301F-11D3-BF4B-00C04F79EFBC}") = "Proxfield.GoogleDdns.Updater.Domain", "src\Proxfield.Google.Ddns.Updater.Domain\Proxfield.GoogleDdns.Updater.Domain.csproj", "{3C2B5CFF-06F9-40F0-9C3D-4C4567119C78}"
EndProject
Project("{2150E333-8FDC-42A3-9474-1A3956D46DE8}") = "src", "src", "{092243B3-5337-40CA-81BA-C00A5F2E9155}"
EndProject
Global
	GlobalSection(SolutionConfigurationPlatforms) = preSolution
		Debug|Any CPU = Debug|Any CPU
		Release|Any CPU = Release|Any CPU
	EndGlobalSection
	GlobalSection(ProjectConfigurationPlatforms) = postSolution
		{7449966E-061E-43D3-93AE-5A67CDA88A6C}.Debug|Any CPU.ActiveCfg = Debug|Any CPU
		{7449966E-061E-43D3-93AE-5A67CDA88A6C}.Debug|Any CPU.Build.0 = Debug|Any CPU
		{7449966E-061E-43D3-93AE-5A67CDA88A6C}.Release|Any CPU.ActiveCfg = Release|Any CPU
		{7449966E-061E-43D3-93AE-5A67CDA88A6C}.Release|Any CPU.Build.0 = Release|Any CPU
		{6A99AE69-DE07-4624-9341-A12E7141A74E}.Debug|Any CPU.ActiveCfg = Debug|Any CPU
		{6A99AE69-DE07-4624-9341-A12E7141A74E}.Debug|Any CPU.Build.0 = Debug|Any CPU
		{6A99AE69-DE07-4624-9341-A12E7141A74E}.Release|Any CPU.ActiveCfg = Release|Any CPU
		{6A99AE69-DE07-4624-9341-A12E7141A74E}.Release|Any CPU.Build.0 = Release|Any CPU
		{3C2B5CFF-06F9-40F0-9C3D-4C4567119C78}.Debug|Any CPU.ActiveCfg = Debug|Any CPU
		{3C2B5CFF-06F9-40F0-9C3D-4C4567119C78}.Debug|Any CPU.Build.0 = Debug|Any CPU
		{3C2B5CFF-06F9-40F0-9C3D-4C4567119C78}.Release|Any CPU.ActiveCfg = Release|Any CPU
		{3C2B5CFF-06F9-40F0-9C3D-4C4567119C78}.Release|Any CPU.Build.0 = Release|Any CPU
	EndGlobalSection
	GlobalSection(SolutionProperties) = preSolution
		HideSolutionNode = FALSE
	EndGlobalSection
	GlobalSection(NestedProjects) = preSolution
		{7449966E-061E-43D3-93AE-5A67CDA88A6C} = {092243B3-5337-40CA-81BA-C00A5F2E9155}
		{6A99AE69-DE07-4624-9341-A12E7141A74E} = {092243B3-5337-40CA-81BA-C00A5F2E9155}
		{3C2B5CFF-06F9-40F0-9C3D-4C4567119C78} = {092243B3-5337-40CA-81BA-C00A5F2E9155}
	EndGlobalSection
	GlobalSection(ExtensibilityGlobals) = postSolution
		SolutionGuid = {82679EFB-6BEE-4AE8-9C15-23CABD7B8528}
	EndGlobalSection
EndGlobal
